{
  "nodes": {
    "agda": {
      "inputs": {
        "haskellNix": "haskellNix",
        "nixpkgs": "nixpkgs"
      },
      "locked": {
        "lastModified": 1619612806,
        "narHash": "sha256-YW+7MvxQdAbGVY4emmxtoxpF2N6CpZSbBZ1cq5i6ubQ=",
        "owner": "guilhermehas",
        "repo": "all-agda",
        "rev": "9d2c601128938b8dad24b225daa0a559a088da05",
        "type": "github"
      },
      "original": {
        "owner": "guilhermehas",
        "repo": "all-agda",
        "type": "github"
      }
    },
    "flake-utils": {
      "locked": {
        "lastModified": 1620759905,
        "narHash": "sha256-WiyWawrgmyN0EdmiHyG2V+fqReiVi8bM9cRdMaKQOFg=",
        "owner": "numtide",
        "repo": "flake-utils",
        "rev": "b543720b25df6ffdfcf9227afafc5b8c1fabfae8",
        "type": "github"
      },
      "original": {
        "owner": "numtide",
        "repo": "flake-utils",
        "type": "github"
      }
    },
    "haskellNix": {
      "locked": {
        "lastModified": 1611364349,
        "narHash": "sha256-Lwqa5oN0NTNWQBV8aUUmzllfAjVfyNSzEHQL8/IH/zc=",
        "owner": "input-output-hk",
        "repo": "haskell.nix",
        "rev": "3439d7519ed6154f4695d4508c44ef7ceab4285c",
        "type": "github"
      },
      "original": {
        "owner": "input-output-hk",
        "repo": "haskell.nix",
        "type": "github"
      }
    },
    "haskellNix_2": {
      "inputs": {
        "nixpkgs": "nixpkgs_2",
        "nixpkgs-2003": "nixpkgs-2003",
        "nixpkgs-2009": "nixpkgs-2009",
        "nixpkgs-unstable": "nixpkgs-unstable"
      },
      "locked": {
        "lastModified": 1621477601,
        "narHash": "sha256-9lGWxpwb8r9hzr+bvqO3ldTQ7Yth96Od3iHS/AMLsho=",
        "owner": "input-output-hk",
        "repo": "haskell.nix",
        "rev": "f9e3eafbe07da7a2c5f0b190d92f4e4dee4f5294",
        "type": "github"
      },
      "original": {
        "owner": "input-output-hk",
        "repo": "haskell.nix",
        "type": "github"
      }
    },
    "nixpkgs": {
      "locked": {
        "lastModified": 1611219034,
        "narHash": "sha256-bgp8G3LcpvKs22/z5Cj4XQkmZq05Aa0vaP1bKl7X0zM=",
        "owner": "nixos",
        "repo": "nixpkgs",
        "rev": "f217c0ea7c148ddc0103347051555c7c252dcafb",
        "type": "github"
      },
      "original": {
        "owner": "nixos",
        "repo": "nixpkgs",
        "rev": "f217c0ea7c148ddc0103347051555c7c252dcafb",
        "type": "github"
      }
    },
    "nixpkgs-2003": {
      "locked": {
        "lastModified": 1607708579,
        "narHash": "sha256-QyADEDydJJPa8n3xawnA82IJAcZHNNm6Pp5DU7exMr4=",
        "owner": "NixOS",
        "repo": "nixpkgs",
        "rev": "7f73e46625f508a793700f5110b86f1a53341d6e",
        "type": "github"
      },
      "original": {
        "owner": "NixOS",
        "repo": "nixpkgs",
        "rev": "7f73e46625f508a793700f5110b86f1a53341d6e",
        "type": "github"
      }
    },
    "nixpkgs-2009": {
      "locked": {
        "lastModified": 1608007629,
        "narHash": "sha256-lipVFC/a2pzzA5X2ULj64je+fz1JIp2XRrB5qyoizpQ=",
        "owner": "NixOS",
        "repo": "nixpkgs",
        "rev": "f02bf8ffb9a5ec5e8f6f66f1e5544fd2aa1a0693",
        "type": "github"
      },
      "original": {
        "owner": "NixOS",
        "repo": "nixpkgs",
        "rev": "f02bf8ffb9a5ec5e8f6f66f1e5544fd2aa1a0693",
        "type": "github"
      }
    },
    "nixpkgs-unstable": {
      "locked": {
        "lastModified": 1612284693,
        "narHash": "sha256-efzJNF1jvjK3BMl0gZ0ZaUWcFMv0nLb9AHN/++5+u0U=",
        "owner": "NixOS",
        "repo": "nixpkgs",
        "rev": "410bbd828cdc6156aecd5bc91772ad3a6b1099c7",
        "type": "github"
      },
      "original": {
        "owner": "NixOS",
        "repo": "nixpkgs",
        "rev": "410bbd828cdc6156aecd5bc91772ad3a6b1099c7",
        "type": "github"
      }
    },
    "nixpkgs_2": {
      "locked": {
        "lastModified": 1608007629,
        "narHash": "sha256-lipVFC/a2pzzA5X2ULj64je+fz1JIp2XRrB5qyoizpQ=",
        "owner": "NixOS",
        "repo": "nixpkgs",
        "rev": "f02bf8ffb9a5ec5e8f6f66f1e5544fd2aa1a0693",
        "type": "github"
      },
      "original": {
        "owner": "NixOS",
        "repo": "nixpkgs",
        "rev": "f02bf8ffb9a5ec5e8f6f66f1e5544fd2aa1a0693",
        "type": "github"
      }
    },
    "root": {
      "inputs": {
        "agda": "agda",
        "flake-utils": "flake-utils",
        "haskellNix": "haskellNix_2",
        "nixpkgs": [
          "haskellNix",
          "nixpkgs-unstable"
        ]
      }
    }
  },
  "root": "root",
  "version": 7
}
